
Microsoft Visual Studio Solution File, Format Version 12.00
Project("{2150E333-8FDC-42A3-9474-1A3956D46DE8}") = "Backend", "Backend", "{2DAE2DF2-A98F-4A55-BABB-AED7506A4A03}"
EndProject
Project("{2150E333-8FDC-42A3-9474-1A3956D46DE8}") = "Frontend", "Frontend", "{2616D2A1-EDEA-4F8F-AD51-E23D9260C943}"
EndProject
Project("{FAE04EC0-301F-11D3-BF4B-00C04F79EFBC}") = "API", "API\API.csproj", "{E9DB1DAF-A7F4-455B-BA6E-3C6278DB7E1A}"
EndProject
Project("{FAE04EC0-301F-11D3-BF4B-00C04F79EFBC}") = "BLL", "BLL\BLL.csproj", "{9E7D5D53-7A35-49A2-8280-7F0AC6703212}"
EndProject
Project("{FAE04EC0-301F-11D3-BF4B-00C04F79EFBC}") = "DAL", "DAL\DAL.csproj", "{E5A7F171-0DA4-4819-ABD9-3357117D0763}"
EndProject
Global
	GlobalSection(SolutionConfigurationPlatforms) = preSolution
		Debug|Any CPU = Debug|Any CPU
		Release|Any CPU = Release|Any CPU
	EndGlobalSection
	GlobalSection(NestedProjects) = preSolution
		{E9DB1DAF-A7F4-455B-BA6E-3C6278DB7E1A} = {2DAE2DF2-A98F-4A55-BABB-AED7506A4A03}
		{9E7D5D53-7A35-49A2-8280-7F0AC6703212} = {2DAE2DF2-A98F-4A55-BABB-AED7506A4A03}
		{E5A7F171-0DA4-4819-ABD9-3357117D0763} = {2DAE2DF2-A98F-4A55-BABB-AED7506A4A03}
	EndGlobalSection
	GlobalSection(ProjectConfigurationPlatforms) = postSolution
		{E9DB1DAF-A7F4-455B-BA6E-3C6278DB7E1A}.Debug|Any CPU.ActiveCfg = Debug|Any CPU
		{E9DB1DAF-A7F4-455B-BA6E-3C6278DB7E1A}.Debug|Any CPU.Build.0 = Debug|Any CPU
		{E9DB1DAF-A7F4-455B-BA6E-3C6278DB7E1A}.Release|Any CPU.ActiveCfg = Release|Any CPU
		{E9DB1DAF-A7F4-455B-BA6E-3C6278DB7E1A}.Release|Any CPU.Build.0 = Release|Any CPU
		{9E7D5D53-7A35-49A2-8280-7F0AC6703212}.Debug|Any CPU.ActiveCfg = Debug|Any CPU
		{9E7D5D53-7A35-49A2-8280-7F0AC6703212}.Debug|Any CPU.Build.0 = Debug|Any CPU
		{9E7D5D53-7A35-49A2-8280-7F0AC6703212}.Release|Any CPU.ActiveCfg = Release|Any CPU
		{9E7D5D53-7A35-49A2-8280-7F0AC6703212}.Release|Any CPU.Build.0 = Release|Any CPU
		{E5A7F171-0DA4-4819-ABD9-3357117D0763}.Debug|Any CPU.ActiveCfg = Debug|Any CPU
		{E5A7F171-0DA4-4819-ABD9-3357117D0763}.Debug|Any CPU.Build.0 = Debug|Any CPU
		{E5A7F171-0DA4-4819-ABD9-3357117D0763}.Release|Any CPU.ActiveCfg = Release|Any CPU
		{E5A7F171-0DA4-4819-ABD9-3357117D0763}.Release|Any CPU.Build.0 = Release|Any CPU
	EndGlobalSection
EndGlobal
